
Microsoft Visual Studio Solution File, Format Version 12.00
# Visual Studio Version 16
VisualStudioVersion = 16.0.30621.155
MinimumVisualStudioVersion = 10.0.40219.1
Project("{FAE04EC0-301F-11D3-BF4B-00C04F79EFBC}") = "jakov1", "jakov1.csproj", "{773F6E76-B846-4A92-80F2-DF13646274AA}"
EndProject
Global
	GlobalSection(SolutionConfigurationPlatforms) = preSolution
		Debug|Any CPU = Debug|Any CPU
		Release|Any CPU = Release|Any CPU
	EndGlobalSection
	GlobalSection(ProjectConfigurationPlatforms) = postSolution
		{773F6E76-B846-4A92-80F2-DF13646274AA}.Debug|Any CPU.ActiveCfg = Debug|Any CPU
		{773F6E76-B846-4A92-80F2-DF13646274AA}.Debug|Any CPU.Build.0 = Debug|Any CPU
		{773F6E76-B846-4A92-80F2-DF13646274AA}.Release|Any CPU.ActiveCfg = Release|Any CPU
		{773F6E76-B846-4A92-80F2-DF13646274AA}.Release|Any CPU.Build.0 = Release|Any CPU
	EndGlobalSection
	GlobalSection(SolutionProperties) = preSolution
		HideSolutionNode = FALSE
	EndGlobalSection
	GlobalSection(ExtensibilityGlobals) = postSolution
		SolutionGuid = {8619F1AC-6C69-4F93-A669-E0808B2CA972}
	EndGlobalSection
EndGlobal
